<?xml version="1.0" encoding="utf-8"?>
<Project ToolsVersion="4.0" xmlns="http://schemas.microsoft.com/developer/msbuild/2003">
  <ItemGroup>
    <Filter Include="src">
      <UniqueIdentifier>{9fb2cb6e-3f5d-4e0d-901a-cbd163e4f4e1}</UniqueIdentifier>
    </Filter>
  </ItemGroup>
  <ItemGroup>
    <ClCompile Include="src\BBCFIMUpdater\BBCFIMUpdater.cpp">
      <Filter>src</Filter>
    </ClCompile>
  </ItemGroup>
  <ItemGroup>
    <ResourceCompile Include="src\BBCFIMUpdater\BBCFIMUpdater.rc">
      <Filter>src</Filter>
    </ResourceCompile>
  </ItemGroup>
</Project>
